
Microsoft Visual Studio Solution File, Format Version 11.00
# Visual Studio 2010
Project("{FAE04EC0-301F-11D3-BF4B-00C04F79EFBC}") = "TestProgram", "TestProgram\TestProgram\TestProgram.csproj", "{728D1E9B-C623-4BBE-B196-4FDA45D7AE35}"
EndProject
Project("{FAE04EC0-301F-11D3-BF4B-00C04F79EFBC}") = "TestProgramContent", "TestProgram\TestProgramContent\TestProgramContent.contentproj", "{B2EA3CDD-C970-4682-AB4B-393AAF26B4AD}"
EndProject
Project("{FAE04EC0-301F-11D3-BF4B-00C04F79EFBC}") = "ParallaXNA", "ParallaXNA\ParallaXNA.csproj", "{5F16B546-2496-4DCD-8FC5-80535BE1EECF}"
EndProject
Global
	GlobalSection(SolutionConfigurationPlatforms) = preSolution
		Debug|x86 = Debug|x86
		Release|x86 = Release|x86
	EndGlobalSection
	GlobalSection(ProjectConfigurationPlatforms) = postSolution
		{728D1E9B-C623-4BBE-B196-4FDA45D7AE35}.Debug|x86.ActiveCfg = Debug|x86
		{728D1E9B-C623-4BBE-B196-4FDA45D7AE35}.Debug|x86.Build.0 = Debug|x86
		{728D1E9B-C623-4BBE-B196-4FDA45D7AE35}.Release|x86.ActiveCfg = Release|x86
		{728D1E9B-C623-4BBE-B196-4FDA45D7AE35}.Release|x86.Build.0 = Release|x86
		{B2EA3CDD-C970-4682-AB4B-393AAF26B4AD}.Debug|x86.ActiveCfg = Debug|x86
		{B2EA3CDD-C970-4682-AB4B-393AAF26B4AD}.Release|x86.ActiveCfg = Release|x86
		{5F16B546-2496-4DCD-8FC5-80535BE1EECF}.Debug|x86.ActiveCfg = Debug|x86
		{5F16B546-2496-4DCD-8FC5-80535BE1EECF}.Debug|x86.Build.0 = Debug|x86
		{5F16B546-2496-4DCD-8FC5-80535BE1EECF}.Release|x86.ActiveCfg = Release|x86
		{5F16B546-2496-4DCD-8FC5-80535BE1EECF}.Release|x86.Build.0 = Release|x86
	EndGlobalSection
	GlobalSection(SolutionProperties) = preSolution
		HideSolutionNode = FALSE
	EndGlobalSection
EndGlobal
